
Microsoft Visual Studio Solution File, Format Version 12.00
# Visual Studio Version 17
VisualStudioVersion = 17.6.33815.320
MinimumVisualStudioVersion = 10.0.40219.1
Project("{FAE04EC0-301F-11D3-BF4B-00C04F79EFBC}") = "STARegistration", "STARegistration.csproj", "{43F32BE5-FDC7-4CC0-A7D6-B0BF449EDE53}"
EndProject
Global
	GlobalSection(SolutionConfigurationPlatforms) = preSolution
		Debug|Any CPU = Debug|Any CPU
		Release|Any CPU = Release|Any CPU
	EndGlobalSection
	GlobalSection(ProjectConfigurationPlatforms) = postSolution
		{43F32BE5-FDC7-4CC0-A7D6-B0BF449EDE53}.Debug|Any CPU.ActiveCfg = Debug|Any CPU
		{43F32BE5-FDC7-4CC0-A7D6-B0BF449EDE53}.Debug|Any CPU.Build.0 = Debug|Any CPU
		{43F32BE5-FDC7-4CC0-A7D6-B0BF449EDE53}.Release|Any CPU.ActiveCfg = Release|Any CPU
		{43F32BE5-FDC7-4CC0-A7D6-B0BF449EDE53}.Release|Any CPU.Build.0 = Release|Any CPU
	EndGlobalSection
	GlobalSection(SolutionProperties) = preSolution
		HideSolutionNode = FALSE
	EndGlobalSection
	GlobalSection(ExtensibilityGlobals) = postSolution
		SolutionGuid = {872E6076-090F-4465-AB7D-907F3C08002F}
	EndGlobalSection
EndGlobal
